
Microsoft Visual Studio Solution File, Format Version 12.00
# Visual Studio 14
VisualStudioVersion = 14.0.25420.1
MinimumVisualStudioVersion = 10.0.40219.1
Project("{FAE04EC0-301F-11D3-BF4B-00C04F79EFBC}") = "TeduShop.Common", "TeduShop.Common\TeduShop.Common.csproj", "{270A0C6E-1461-4922-AD1D-855721F3A403}"
EndProject
Project("{FAE04EC0-301F-11D3-BF4B-00C04F79EFBC}") = "TeduShop.Model", "TeduShop.Model\TeduShop.Model.csproj", "{7DD86089-0E0F-4B86-A743-9FF9713FE1F6}"
EndProject
Project("{FAE04EC0-301F-11D3-BF4B-00C04F79EFBC}") = "TeduShop.Service", "TeduShop.Service\TeduShop.Service.csproj", "{425A25CC-8BCC-402E-8771-5CC580BBEA38}"
EndProject
Project("{FAE04EC0-301F-11D3-BF4B-00C04F79EFBC}") = "TeduShop.Data", "TeduShop.Data\TeduShop.Data.csproj", "{BE413471-8994-4C80-B32E-6F2B68BD5573}"
EndProject
Project("{FAE04EC0-301F-11D3-BF4B-00C04F79EFBC}") = "TeduShop.UnitTest", "TeduShop.UnitTest\TeduShop.UnitTest.csproj", "{BB21FB38-A7F3-437E-817F-5D0A3A5534DB}"
EndProject
Project("{FAE04EC0-301F-11D3-BF4B-00C04F79EFBC}") = "TeduShop.Web", "TeduShop.Web\TeduShop.Web.csproj", "{B1F7ECB5-F11B-4F45-ADE7-1E354EBFDB84}"
EndProject
Global
	GlobalSection(SolutionConfigurationPlatforms) = preSolution
		Debug|Any CPU = Debug|Any CPU
		Release|Any CPU = Release|Any CPU
	EndGlobalSection
	GlobalSection(ProjectConfigurationPlatforms) = postSolution
		{270A0C6E-1461-4922-AD1D-855721F3A403}.Debug|Any CPU.ActiveCfg = Debug|Any CPU
		{270A0C6E-1461-4922-AD1D-855721F3A403}.Debug|Any CPU.Build.0 = Debug|Any CPU
		{270A0C6E-1461-4922-AD1D-855721F3A403}.Release|Any CPU.ActiveCfg = Release|Any CPU
		{270A0C6E-1461-4922-AD1D-855721F3A403}.Release|Any CPU.Build.0 = Release|Any CPU
		{7DD86089-0E0F-4B86-A743-9FF9713FE1F6}.Debug|Any CPU.ActiveCfg = Debug|Any CPU
		{7DD86089-0E0F-4B86-A743-9FF9713FE1F6}.Debug|Any CPU.Build.0 = Debug|Any CPU
		{7DD86089-0E0F-4B86-A743-9FF9713FE1F6}.Release|Any CPU.ActiveCfg = Release|Any CPU
		{7DD86089-0E0F-4B86-A743-9FF9713FE1F6}.Release|Any CPU.Build.0 = Release|Any CPU
		{425A25CC-8BCC-402E-8771-5CC580BBEA38}.Debug|Any CPU.ActiveCfg = Debug|Any CPU
		{425A25CC-8BCC-402E-8771-5CC580BBEA38}.Debug|Any CPU.Build.0 = Debug|Any CPU
		{425A25CC-8BCC-402E-8771-5CC580BBEA38}.Release|Any CPU.ActiveCfg = Release|Any CPU
		{425A25CC-8BCC-402E-8771-5CC580BBEA38}.Release|Any CPU.Build.0 = Release|Any CPU
		{BE413471-8994-4C80-B32E-6F2B68BD5573}.Debug|Any CPU.ActiveCfg = Debug|Any CPU
		{BE413471-8994-4C80-B32E-6F2B68BD5573}.Debug|Any CPU.Build.0 = Debug|Any CPU
		{BE413471-8994-4C80-B32E-6F2B68BD5573}.Release|Any CPU.ActiveCfg = Release|Any CPU
		{BE413471-8994-4C80-B32E-6F2B68BD5573}.Release|Any CPU.Build.0 = Release|Any CPU
		{BB21FB38-A7F3-437E-817F-5D0A3A5534DB}.Debug|Any CPU.ActiveCfg = Debug|Any CPU
		{BB21FB38-A7F3-437E-817F-5D0A3A5534DB}.Debug|Any CPU.Build.0 = Debug|Any CPU
		{BB21FB38-A7F3-437E-817F-5D0A3A5534DB}.Release|Any CPU.ActiveCfg = Release|Any CPU
		{BB21FB38-A7F3-437E-817F-5D0A3A5534DB}.Release|Any CPU.Build.0 = Release|Any CPU
		{B1F7ECB5-F11B-4F45-ADE7-1E354EBFDB84}.Debug|Any CPU.ActiveCfg = Debug|Any CPU
		{B1F7ECB5-F11B-4F45-ADE7-1E354EBFDB84}.Debug|Any CPU.Build.0 = Debug|Any CPU
		{B1F7ECB5-F11B-4F45-ADE7-1E354EBFDB84}.Release|Any CPU.ActiveCfg = Release|Any CPU
		{B1F7ECB5-F11B-4F45-ADE7-1E354EBFDB84}.Release|Any CPU.Build.0 = Release|Any CPU
	EndGlobalSection
	GlobalSection(SolutionProperties) = preSolution
		HideSolutionNode = FALSE
	EndGlobalSection
EndGlobal
